// !$*UTF8*$!
{
	archiveVersion = 1;
	classes = {
	};
	objectVersion = 55;
	objects = {

/* Begin PBXBuildFile section */
		A40724F227C67A4E0010258D /* AppDelegate.swift in Sources */ = {isa = PBXBuildFile; fileRef = A40724F127C67A4E0010258D /* AppDelegate.swift */; };
		A40724F427C67A4E0010258D /* SceneDelegate.swift in Sources */ = {isa = PBXBuildFile; fileRef = A40724F327C67A4E0010258D /* SceneDelegate.swift */; };
		A40724F627C67A4E0010258D /* ViewController.swift in Sources */ = {isa = PBXBuildFile; fileRef = A40724F527C67A4E0010258D /* ViewController.swift */; };
		A40724F927C67A4E0010258D /* Main.storyboard in Resources */ = {isa = PBXBuildFile; fileRef = A40724F727C67A4E0010258D /* Main.storyboard */; };
		A40724FB27C67A4F0010258D /* Assets.xcassets in Resources */ = {isa = PBXBuildFile; fileRef = A40724FA27C67A4F0010258D /* Assets.xcassets */; };
		A40724FE27C67A4F0010258D /* LaunchScreen.storyboard in Resources */ = {isa = PBXBuildFile; fileRef = A40724FC27C67A4F0010258D /* LaunchScreen.storyboard */; };
		A407250627C67FD90010258D /* RecipesCollectionViewController.swift in Sources */ = {isa = PBXBuildFile; fileRef = A407250527C67FD90010258D /* RecipesCollectionViewController.swift */; };
		A407250827C680570010258D /* PlansCollectionViewController.swift in Sources */ = {isa = PBXBuildFile; fileRef = A407250727C680570010258D /* PlansCollectionViewController.swift */; };
		A407250A27C68AB90010258D /* GroceryTableViewController.swift in Sources */ = {isa = PBXBuildFile; fileRef = A407250927C68AB90010258D /* GroceryTableViewController.swift */; };
/* End PBXBuildFile section */

/* Begin PBXFileReference section */
		A40724EE27C67A4E0010258D /* My Chef.app */ = {isa = PBXFileReference; explicitFileType = wrapper.application; includeInIndex = 0; path = "My Chef.app"; sourceTree = BUILT_PRODUCTS_DIR; };
		A40724F127C67A4E0010258D /* AppDelegate.swift */ = {isa = PBXFileReference; lastKnownFileType = sourcecode.swift; path = AppDelegate.swift; sourceTree = "<group>"; };
		A40724F327C67A4E0010258D /* SceneDelegate.swift */ = {isa = PBXFileReference; lastKnownFileType = sourcecode.swift; path = SceneDelegate.swift; sourceTree = "<group>"; };
		A40724F527C67A4E0010258D /* ViewController.swift */ = {isa = PBXFileReference; lastKnownFileType = sourcecode.swift; path = ViewController.swift; sourceTree = "<group>"; };
		A40724F827C67A4E0010258D /* Base */ = {isa = PBXFileReference; lastKnownFileType = file.storyboard; name = Base; path = Base.lproj/Main.storyboard; sourceTree = "<group>"; };
		A40724FA27C67A4F0010258D /* Assets.xcassets */ = {isa = PBXFileReference; lastKnownFileType = folder.assetcatalog; path = Assets.xcassets; sourceTree = "<group>"; };
		A40724FD27C67A4F0010258D /* Base */ = {isa = PBXFileReference; lastKnownFileType = file.storyboard; name = Base; path = Base.lproj/LaunchScreen.storyboard; sourceTree = "<group>"; };
		A40724FF27C67A4F0010258D /* Info.plist */ = {isa = PBXFileReference; lastKnownFileType = text.plist.xml; path = Info.plist; sourceTree = "<group>"; };
		A407250527C67FD90010258D /* RecipesCollectionViewController.swift */ = {isa = PBXFileReference; lastKnownFileType = sourcecode.swift; path = RecipesCollectionViewController.swift; sourceTree = "<group>"; };
		A407250727C680570010258D /* PlansCollectionViewController.swift */ = {isa = PBXFileReference; lastKnownFileType = sourcecode.swift; path = PlansCollectionViewController.swift; sourceTree = "<group>"; };
		A407250927C68AB90010258D /* GroceryTableViewController.swift */ = {isa = PBXFileReference; lastKnownFileType = sourcecode.swift; path = GroceryTableViewController.swift; sourceTree = "<group>"; };
/* End PBXFileReference section */

/* Begin PBXFrameworksBuildPhase section */
		A40724EB27C67A4E0010258D /* Frameworks */ = {
			isa = PBXFrameworksBuildPhase;
			buildActionMask = 2147483647;
			files = (
			);
			runOnlyForDeploymentPostprocessing = 0;
		};
/* End PBXFrameworksBuildPhase section */

/* Begin PBXGroup section */
		A40724E527C67A4E0010258D = {
			isa = PBXGroup;
			children = (
				A40724F027C67A4E0010258D /* My Chef */,
				A40724EF27C67A4E0010258D /* Products */,
			);
			sourceTree = "<group>";
		};
		A40724EF27C67A4E0010258D /* Products */ = {
			isa = PBXGroup;
			children = (
				A40724EE27C67A4E0010258D /* My Chef.app */,
			);
			name = Products;
			sourceTree = "<group>";
		};
		A40724F027C67A4E0010258D /* My Chef */ = {
			isa = PBXGroup;
			children = (
				A40724F127C67A4E0010258D /* AppDelegate.swift */,
				A40724F327C67A4E0010258D /* SceneDelegate.swift */,
				A407250B27C68ACC0010258D /* Controller */,
				A407250C27C68ADE0010258D /* View */,
				A40724F727C67A4E0010258D /* Main.storyboard */,
				A40724FA27C67A4F0010258D /* Assets.xcassets */,
				A40724FC27C67A4F0010258D /* LaunchScreen.storyboard */,
				A40724FF27C67A4F0010258D /* Info.plist */,
			);
			path = "My Chef";
			sourceTree = "<group>";
		};
		A407250B27C68ACC0010258D /* Controller */ = {
			isa = PBXGroup;
			children = (
				A40724F527C67A4E0010258D /* ViewController.swift */,
				A407250527C67FD90010258D /* RecipesCollectionViewController.swift */,
				A407250727C680570010258D /* PlansCollectionViewController.swift */,
				A407250927C68AB90010258D /* GroceryTableViewController.swift */,
			);
			path = Controller;
			sourceTree = "<group>";
		};
		A407250C27C68ADE0010258D /* View */ = {
			isa = PBXGroup;
			children = (
			);
			path = View;
			sourceTree = "<group>";
		};
/* End PBXGroup section */

/* Begin PBXNativeTarget section */
		A40724ED27C67A4E0010258D /* My Chef */ = {
			isa = PBXNativeTarget;
			buildConfigurationList = A407250227C67A4F0010258D /* Build configuration list for PBXNativeTarget "My Chef" */;
			buildPhases = (
				A40724EA27C67A4E0010258D /* Sources */,
				A40724EB27C67A4E0010258D /* Frameworks */,
				A40724EC27C67A4E0010258D /* Resources */,
			);
			buildRules = (
			);
			dependencies = (
			);
			name = "My Chef";
			productName = "My Chef";
			productReference = A40724EE27C67A4E0010258D /* My Chef.app */;
			productType = "com.apple.product-type.application";
		};
/* End PBXNativeTarget section */

/* Begin PBXProject section */
		A40724E627C67A4E0010258D /* Project object */ = {
			isa = PBXProject;
			attributes = {
				BuildIndependentTargetsInParallel = 1;
				LastSwiftUpdateCheck = 1320;
				LastUpgradeCheck = 1320;
				TargetAttributes = {
					A40724ED27C67A4E0010258D = {
						CreatedOnToolsVersion = 13.2.1;
					};
				};
			};
			buildConfigurationList = A40724E927C67A4E0010258D /* Build configuration list for PBXProject "My Chef" */;
			compatibilityVersion = "Xcode 13.0";
			developmentRegion = en;
			hasScannedForEncodings = 0;
			knownRegions = (
				en,
				Base,
			);
			mainGroup = A40724E527C67A4E0010258D;
			productRefGroup = A40724EF27C67A4E0010258D /* Products */;
			projectDirPath = "";
			projectRoot = "";
			targets = (
				A40724ED27C67A4E0010258D /* My Chef */,
			);
		};
/* End PBXProject section */

/* Begin PBXResourcesBuildPhase section */
		A40724EC27C67A4E0010258D /* Resources */ = {
			isa = PBXResourcesBuildPhase;
			buildActionMask = 2147483647;
			files = (
				A40724FE27C67A4F0010258D /* LaunchScreen.storyboard in Resources */,
				A40724FB27C67A4F0010258D /* Assets.xcassets in Resources */,
				A40724F927C67A4E0010258D /* Main.storyboard in Resources */,
			);
			runOnlyForDeploymentPostprocessing = 0;
		};
/* End PBXResourcesBuildPhase section */

/* Begin PBXSourcesBuildPhase section */
		A40724EA27C67A4E0010258D /* Sources */ = {
			isa = PBXSourcesBuildPhase;
			buildActionMask = 2147483647;
			files = (
				A40724F627C67A4E0010258D /* ViewController.swift in Sources */,
				A40724F227C67A4E0010258D /* AppDelegate.swift in Sources */,
				A407250827C680570010258D /* PlansCollectionViewController.swift in Sources */,
				A407250627C67FD90010258D /* RecipesCollectionViewController.swift in Sources */,
				A407250A27C68AB90010258D /* GroceryTableViewController.swift in Sources */,
				A40724F427C67A4E0010258D /* SceneDelegate.swift in Sources */,
			);
			runOnlyForDeploymentPostprocessing = 0;
		};
/* End PBXSourcesBuildPhase section */

/* Begin PBXVariantGroup section */
		A40724F727C67A4E0010258D /* Main.storyboard */ = {
			isa = PBXVariantGroup;
			children = (
				A40724F827C67A4E0010258D /* Base */,
			);
			name = Main.storyboard;
			sourceTree = "<group>";
		};
		A40724FC27C67A4F0010258D /* LaunchScreen.storyboard */ = {
			isa = PBXVariantGroup;
			children = (
				A40724FD27C67A4F0010258D /* Base */,
			);
			name = LaunchScreen.storyboard;
			sourceTree = "<group>";
		};
/* End PBXVariantGroup section */

/* Begin XCBuildConfiguration section */
		A407250027C67A4F0010258D /* Debug */ = {
			isa = XCBuildConfiguration;
			buildSettings = {
				ALWAYS_SEARCH_USER_PATHS = NO;
				CLANG_ANALYZER_NONNULL = YES;
				CLANG_ANALYZER_NUMBER_OBJECT_CONVERSION = YES_AGGRESSIVE;
				CLANG_CXX_LANGUAGE_STANDARD = "gnu++17";
				CLANG_CXX_LIBRARY = "libc++";
				CLANG_ENABLE_MODULES = YES;
				CLANG_ENABLE_OBJC_ARC = YES;
				CLANG_ENABLE_OBJC_WEAK = YES;
				CLANG_WARN_BLOCK_CAPTURE_AUTORELEASING = YES;
				CLANG_WARN_BOOL_CONVERSION = YES;
				CLANG_WARN_COMMA = YES;
				CLANG_WARN_CONSTANT_CONVERSION = YES;
				CLANG_WARN_DEPRECATED_OBJC_IMPLEMENTATIONS = YES;
				CLANG_WARN_DIRECT_OBJC_ISA_USAGE = YES_ERROR;
				CLANG_WARN_DOCUMENTATION_COMMENTS = YES;
				CLANG_WARN_EMPTY_BODY = YES;
				CLANG_WARN_ENUM_CONVERSION = YES;
				CLANG_WARN_INFINITE_RECURSION = YES;
				CLANG_WARN_INT_CONVERSION = YES;
				CLANG_WARN_NON_LITERAL_NULL_CONVERSION = YES;
				CLANG_WARN_OBJC_IMPLICIT_RETAIN_SELF = YES;
				CLANG_WARN_OBJC_LITERAL_CONVERSION = YES;
				CLANG_WARN_OBJC_ROOT_CLASS = YES_ERROR;
				CLANG_WARN_QUOTED_INCLUDE_IN_FRAMEWORK_HEADER = YES;
				CLANG_WARN_RANGE_LOOP_ANALYSIS = YES;
				CLANG_WARN_STRICT_PROTOTYPES = YES;
				CLANG_WARN_SUSPICIOUS_MOVE = YES;
				CLANG_WARN_UNGUARDED_AVAILABILITY = YES_AGGRESSIVE;
				CLANG_WARN_UNREACHABLE_CODE = YES;
				CLANG_WARN__DUPLICATE_METHOD_MATCH = YES;
				COPY_PHASE_STRIP = NO;
				DEBUG_INFORMATION_FORMAT = dwarf;
				ENABLE_STRICT_OBJC_MSGSEND = YES;
				ENABLE_TESTABILITY = YES;
				GCC_C_LANGUAGE_STANDARD = gnu11;
				GCC_DYNAMIC_NO_PIC = NO;
				GCC_NO_COMMON_BLOCKS = YES;
				GCC_OPTIMIZATION_LEVEL = 0;
				GCC_PREPROCESSOR_DEFINITIONS = (
					"DEBUG=1",
					"$(inherited)",
				);
				GCC_WARN_64_TO_32_BIT_CONVERSION = YES;
				GCC_WARN_ABOUT_RETURN_TYPE = YES_ERROR;
				GCC_WARN_UNDECLARED_SELECTOR = YES;
				GCC_WARN_UNINITIALIZED_AUTOS = YES_AGGRESSIVE;
				GCC_WARN_UNUSED_FUNCTION = YES;
				GCC_WARN_UNUSED_VARIABLE = YES;
				IPHONEOS_DEPLOYMENT_TARGET = 15.2;
				MTL_ENABLE_DEBUG_INFO = INCLUDE_SOURCE;
				MTL_FAST_MATH = YES;
				ONLY_ACTIVE_ARCH = YES;
				SDKROOT = iphoneos;
				SWIFT_ACTIVE_COMPILATION_CONDITIONS = DEBUG;
				SWIFT_OPTIMIZATION_LEVEL = "-Onone";
			};
			name = Debug;
		};
		A407250127C67A4F0010258D /* Release */ = {
			isa = XCBuildConfiguration;
			buildSettings = {
				ALWAYS_SEARCH_USER_PATHS = NO;
				CLANG_ANALYZER_NONNULL = YES;
				CLANG_ANALYZER_NUMBER_OBJECT_CONVERSION = YES_AGGRESSIVE;
				CLANG_CXX_LANGUAGE_STANDARD = "gnu++17";
				CLANG_CXX_LIBRARY = "libc++";
				CLANG_ENABLE_MODULES = YES;
				CLANG_ENABLE_OBJC_ARC = YES;
				CLANG_ENABLE_OBJC_WEAK = YES;
				CLANG_WARN_BLOCK_CAPTURE_AUTORELEASING = YES;
				CLANG_WARN_BOOL_CONVERSION = YES;
				CLANG_WARN_COMMA = YES;
				CLANG_WARN_CONSTANT_CONVERSION = YES;
				CLANG_WARN_DEPRECATED_OBJC_IMPLEMENTATIONS = YES;
				CLANG_WARN_DIRECT_OBJC_ISA_USAGE = YES_ERROR;
				CLANG_WARN_DOCUMENTATION_COMMENTS = YES;
				CLANG_WARN_EMPTY_BODY = YES;
				CLANG_WARN_ENUM_CONVERSION = YES;
				CLANG_WARN_INFINITE_RECURSION = YES;
				CLANG_WARN_INT_CONVERSION = YES;
				CLANG_WARN_NON_LITERAL_NULL_CONVERSION = YES;
				CLANG_WARN_OBJC_IMPLICIT_RETAIN_SELF = YES;
				CLANG_WARN_OBJC_LITERAL_CONVERSION = YES;
				CLANG_WARN_OBJC_ROOT_CLASS = YES_ERROR;
				CLANG_WARN_QUOTED_INCLUDE_IN_FRAMEWORK_HEADER = YES;
				CLANG_WARN_RANGE_LOOP_ANALYSIS = YES;
				CLANG_WARN_STRICT_PROTOTYPES = YES;
				CLANG_WARN_SUSPICIOUS_MOVE = YES;
				CLANG_WARN_UNGUARDED_AVAILABILITY = YES_AGGRESSIVE;
				CLANG_WARN_UNREACHABLE_CODE = YES;
				CLANG_WARN__DUPLICATE_METHOD_MATCH = YES;
				COPY_PHASE_STRIP = NO;
				DEBUG_INFORMATION_FORMAT = "dwarf-with-dsym";
				ENABLE_NS_ASSERTIONS = NO;
				ENABLE_STRICT_OBJC_MSGSEND = YES;
				GCC_C_LANGUAGE_STANDARD = gnu11;
				GCC_NO_COMMON_BLOCKS = YES;
				GCC_WARN_64_TO_32_BIT_CONVERSION = YES;
				GCC_WARN_ABOUT_RETURN_TYPE = YES_ERROR;
				GCC_WARN_UNDECLARED_SELECTOR = YES;
				GCC_WARN_UNINITIALIZED_AUTOS = YES_AGGRESSIVE;
				GCC_WARN_UNUSED_FUNCTION = YES;
				GCC_WARN_UNUSED_VARIABLE = YES;
				IPHONEOS_DEPLOYMENT_TARGET = 15.2;
				MTL_ENABLE_DEBUG_INFO = NO;
				MTL_FAST_MATH = YES;
				SDKROOT = iphoneos;
				SWIFT_COMPILATION_MODE = wholemodule;
				SWIFT_OPTIMIZATION_LEVEL = "-O";
				VALIDATE_PRODUCT = YES;
			};
			name = Release;
		};
		A407250327C67A4F0010258D /* Debug */ = {
			isa = XCBuildConfiguration;
			buildSettings = {
				ASSETCATALOG_COMPILER_APPICON_NAME = AppIcon;
				ASSETCATALOG_COMPILER_GLOBAL_ACCENT_COLOR_NAME = AccentColor;
				CODE_SIGN_STYLE = Automatic;
				CURRENT_PROJECT_VERSION = 1;
				DEVELOPMENT_TEAM = K49NFTATB3;
				GENERATE_INFOPLIST_FILE = YES;
				INFOPLIST_FILE = "My Chef/Info.plist";
				INFOPLIST_KEY_UIApplicationSupportsIndirectInputEvents = YES;
				INFOPLIST_KEY_UILaunchStoryboardName = LaunchScreen;
				INFOPLIST_KEY_UIMainStoryboardFile = Main;
				INFOPLIST_KEY_UISupportedInterfaceOrientations_iPad = "UIInterfaceOrientationPortrait UIInterfaceOrientationPortraitUpsideDown UIInterfaceOrientationLandscapeLeft UIInterfaceOrientationLandscapeRight";
				INFOPLIST_KEY_UISupportedInterfaceOrientations_iPhone = "UIInterfaceOrientationPortrait UIInterfaceOrientationLandscapeLeft UIInterfaceOrientationLandscapeRight";
				LD_RUNPATH_SEARCH_PATHS = (
					"$(inherited)",
					"@executable_path/Frameworks",
				);
				MARKETING_VERSION = 1.0;
				PRODUCT_BUNDLE_IDENTIFIER = "zhuchicago.My-Chef";
				PRODUCT_NAME = "$(TARGET_NAME)";
				SWIFT_EMIT_LOC_STRINGS = YES;
				SWIFT_VERSION = 5.0;
				TARGETED_DEVICE_FAMILY = "1,2";
			};
			name = Debug;
		};
		A407250427C67A4F0010258D /* Release */ = {
			isa = XCBuildConfiguration;
			buildSettings = {
				ASSETCATALOG_COMPILER_APPICON_NAME = AppIcon;
				ASSETCATALOG_COMPILER_GLOBAL_ACCENT_COLOR_NAME = AccentColor;
				CODE_SIGN_STYLE = Automatic;
				CURRENT_PROJECT_VERSION = 1;
				DEVELOPMENT_TEAM = K49NFTATB3;
				GENERATE_INFOPLIST_FILE = YES;
				INFOPLIST_FILE = "My Chef/Info.plist";
				INFOPLIST_KEY_UIApplicationSupportsIndirectInputEvents = YES;
				INFOPLIST_KEY_UILaunchStoryboardName = LaunchScreen;
				INFOPLIST_KEY_UIMainStoryboardFile = Main;
				INFOPLIST_KEY_UISupportedInterfaceOrientations_iPad = "UIInterfaceOrientationPortrait UIInterfaceOrientationPortraitUpsideDown UIInterfaceOrientationLandscapeLeft UIInterfaceOrientationLandscapeRight";
				INFOPLIST_KEY_UISupportedInterfaceOrientations_iPhone = "UIInterfaceOrientationPortrait UIInterfaceOrientationLandscapeLeft UIInterfaceOrientationLandscapeRight";
				LD_RUNPATH_SEARCH_PATHS = (
					"$(inherited)",
					"@executable_path/Frameworks",
				);
				MARKETING_VERSION = 1.0;
				PRODUCT_BUNDLE_IDENTIFIER = "zhuchicago.My-Chef";
				PRODUCT_NAME = "$(TARGET_NAME)";
				SWIFT_EMIT_LOC_STRINGS = YES;
				SWIFT_VERSION = 5.0;
				TARGETED_DEVICE_FAMILY = "1,2";
			};
			name = Release;
		};
/* End XCBuildConfiguration section */

/* Begin XCConfigurationList section */
		A40724E927C67A4E0010258D /* Build configuration list for PBXProject "My Chef" */ = {
			isa = XCConfigurationList;
			buildConfigurations = (
				A407250027C67A4F0010258D /* Debug */,
				A407250127C67A4F0010258D /* Release */,
			);
			defaultConfigurationIsVisible = 0;
			defaultConfigurationName = Release;
		};
		A407250227C67A4F0010258D /* Build configuration list for PBXNativeTarget "My Chef" */ = {
			isa = XCConfigurationList;
			buildConfigurations = (
				A407250327C67A4F0010258D /* Debug */,
				A407250427C67A4F0010258D /* Release */,
			);
			defaultConfigurationIsVisible = 0;
			defaultConfigurationName = Release;
		};
/* End XCConfigurationList section */
	};
	rootObject = A40724E627C67A4E0010258D /* Project object */;
}
